
Microsoft Visual Studio Solution File, Format Version 12.00
# Visual Studio Version 16
VisualStudioVersion = 16.0.28922.388
MinimumVisualStudioVersion = 10.0.40219.1
Project("{FAE04EC0-301F-11D3-BF4B-00C04F79EFBC}") = "CustomList", "CustomList\CustomList.csproj", "{B369538F-7EF7-46EE-BA32-12EAE347B295}"
EndProject
Project("{FAE04EC0-301F-11D3-BF4B-00C04F79EFBC}") = "CustomListTest", "CustomListTest\CustomListTest.csproj", "{041E2E17-1C51-49EF-AD96-87BF8FB9E3C7}"
EndProject
Global
	GlobalSection(SolutionConfigurationPlatforms) = preSolution
		Debug|Any CPU = Debug|Any CPU
		Release|Any CPU = Release|Any CPU
	EndGlobalSection
	GlobalSection(ProjectConfigurationPlatforms) = postSolution
		{B369538F-7EF7-46EE-BA32-12EAE347B295}.Debug|Any CPU.ActiveCfg = Debug|Any CPU
		{B369538F-7EF7-46EE-BA32-12EAE347B295}.Debug|Any CPU.Build.0 = Debug|Any CPU
		{B369538F-7EF7-46EE-BA32-12EAE347B295}.Release|Any CPU.ActiveCfg = Release|Any CPU
		{B369538F-7EF7-46EE-BA32-12EAE347B295}.Release|Any CPU.Build.0 = Release|Any CPU
		{041E2E17-1C51-49EF-AD96-87BF8FB9E3C7}.Debug|Any CPU.ActiveCfg = Debug|Any CPU
		{041E2E17-1C51-49EF-AD96-87BF8FB9E3C7}.Debug|Any CPU.Build.0 = Debug|Any CPU
		{041E2E17-1C51-49EF-AD96-87BF8FB9E3C7}.Release|Any CPU.ActiveCfg = Release|Any CPU
		{041E2E17-1C51-49EF-AD96-87BF8FB9E3C7}.Release|Any CPU.Build.0 = Release|Any CPU
	EndGlobalSection
	GlobalSection(SolutionProperties) = preSolution
		HideSolutionNode = FALSE
	EndGlobalSection
	GlobalSection(ExtensibilityGlobals) = postSolution
		SolutionGuid = {6D03F0B3-8318-4DBA-8475-A65691C42B20}
	EndGlobalSection
EndGlobal
